
Microsoft Visual Studio Solution File, Format Version 12.00
# Visual Studio Version 17
VisualStudioVersion = 17.8.34316.72
MinimumVisualStudioVersion = 10.0.40219.1
Project("{9A19103F-16F7-4668-BE54-9A1E7A4F7556}") = "DotnetMassTransitApp", "DotnetMassTransitApp\DotnetMassTransitApp.csproj", "{A2A4AA2F-89B4-48BE-A7FD-C330BAD24650}"
EndProject
Project("{9A19103F-16F7-4668-BE54-9A1E7A4F7556}") = "DotnetMassTransitApp.Consumer", "DotnetMassTransitApp.Consumer\DotnetMassTransitApp.Consumer.csproj", "{EAA0004B-833D-437E-8AD6-253724B183A4}"
EndProject
Project("{9A19103F-16F7-4668-BE54-9A1E7A4F7556}") = "DotnetMassTransitApp.Producer", "DotnetMassTransitApp.Producer\DotnetMassTransitApp.Producer.csproj", "{E15B9CC6-C5DB-45BF-8A70-10D1823D530A}"
EndProject
Project("{9A19103F-16F7-4668-BE54-9A1E7A4F7556}") = "Shared", "Shared\Shared.csproj", "{B979CCBC-9513-458B-9B8A-92032779AA97}"
EndProject
Project("{9A19103F-16F7-4668-BE54-9A1E7A4F7556}") = "DotnetMassTransitApp.Exception", "DotnetMassTransitApp.Exception\DotnetMassTransitApp.Exception.csproj", "{EAC9C6AC-0F4A-482C-BF4B-A7EA98EDE145}"
EndProject
Project("{9A19103F-16F7-4668-BE54-9A1E7A4F7556}") = "DotnetMassTransitApp.Requests", "DotnetMassTransitApp.Requests\DotnetMassTransitApp.Requests.csproj", "{AB567FBA-294C-4BD0-9DD5-5ADD61DDC326}"
EndProject
Project("{9A19103F-16F7-4668-BE54-9A1E7A4F7556}") = "DotnetMassTransitApp.Configuration", "DotnetMassTransitApp.Configuration\DotnetMassTransitApp.Configuration.csproj", "{BB7D587E-FBCC-40E2-9A60-9EFEDF214451}"
EndProject
Project("{9A19103F-16F7-4668-BE54-9A1E7A4F7556}") = "DotnetMassTransitApp.Configuration.Consumers", "DotnetMassTransitApp.Configuration.Consumers\DotnetMassTransitApp.Configuration.Consumers.csproj", "{7688F82E-81B1-4687-A8F2-CD9E16B5B301}"
EndProject
Project("{9A19103F-16F7-4668-BE54-9A1E7A4F7556}") = "DotnetMassTransitApp.Sample1.Producer", "DotnetMassTransitApp.Sample1.Producer\DotnetMassTransitApp.Sample1.Producer.csproj", "{8A715FE8-32AB-49F5-894D-C0E851FA7851}"
EndProject
Project("{9A19103F-16F7-4668-BE54-9A1E7A4F7556}") = "DotnetMassTransitApp.Sample1.Consumer", "DotnetMassTransitApp.Sample1.Consumer\DotnetMassTransitApp.Sample1.Consumer.csproj", "{39063B91-D34E-4A54-8D41-42E0576A1D63}"
EndProject
Project("{9A19103F-16F7-4668-BE54-9A1E7A4F7556}") = "DotnetMassTransitApp.Configuration.Middleware", "DotnetMassTransitApp.Configuration.Middleware\DotnetMassTransitApp.Configuration.Middleware.csproj", "{DFC2BD78-5195-4B24-83D5-00F29D841B2B}"
EndProject
Project("{9A19103F-16F7-4668-BE54-9A1E7A4F7556}") = "DotnetMassTransitApp.Configuration.Topology", "DotnetMassTransitApp.Configuration.Topology\DotnetMassTransitApp.Configuration.Topology.csproj", "{1B331C01-1722-4C37-8A94-4684A83DF04E}"
EndProject
Project("{9A19103F-16F7-4668-BE54-9A1E7A4F7556}") = "DotnetMassTransitApp.Integrations.SignalR.MVC", "DotnetMassTransitApp.Integrations.SignalR.MVC\DotnetMassTransitApp.Integrations.SignalR.MVC.csproj", "{D7D05A25-B96C-439C-A6BE-D38060110399}"
EndProject
Project("{9A19103F-16F7-4668-BE54-9A1E7A4F7556}") = "DotnetMassTransitApp.Integrations.SignalR.Service", "DotnetMassTransitApp.Integrations.SignalR.Service\DotnetMassTransitApp.Integrations.SignalR.Service.csproj", "{9A2E3958-BF89-4700-8574-8932FE9D9558}"
EndProject
Project("{9A19103F-16F7-4668-BE54-9A1E7A4F7556}") = "DotnetMassTransitApp.Integrations.SignalR.ConsoleClient", "DotnetMassTransitApp.Integrations.SignalR.ConsoleClient\DotnetMassTransitApp.Integrations.SignalR.ConsoleClient.csproj", "{19928229-51F6-44F0-BDCD-FE753473F855}"
EndProject
Project("{9A19103F-16F7-4668-BE54-9A1E7A4F7556}") = "DotnetMassTransitApp.Configuration.MultiBus", "DotnetMassTransitApp.Configuration.MultiBus\DotnetMassTransitApp.Configuration.MultiBus.csproj", "{75650061-06A9-4687-803A-F819A7F8C9ED}"
EndProject
Project("{9A19103F-16F7-4668-BE54-9A1E7A4F7556}") = "DotnetMassTransitApp.Configuration.MultiBus.Producer", "DotnetMassTransitApp.Configuration.MultiBus.Producer\DotnetMassTransitApp.Configuration.MultiBus.Producer.csproj", "{3036FEB3-20FA-4C3F-816B-845BD04D4E8D}"
EndProject
Project("{FAE04EC0-301F-11D3-BF4B-00C04F79EFBC}") = "DotnetMassTransitApp.Observability.Monitoring", "DotnetMassTransitApp.Observability.Monitoring\DotnetMassTransitApp.Observability.Monitoring.csproj", "{482532EC-CE53-4804-AD2C-48F7D106887C}"
EndProject
Project("{FAE04EC0-301F-11D3-BF4B-00C04F79EFBC}") = "DotnetMassTransitApp.Observability.Metrics", "DotnetMassTransitApp.Observability.Metrics\DotnetMassTransitApp.Observability.Metrics.csproj", "{807B8A3C-92DE-4D5F-8CD1-4B9718858F7B}"
EndProject
Project("{FAE04EC0-301F-11D3-BF4B-00C04F79EFBC}") = "DotnetMassTransitApp.Patterns.Saga.Consumer", "DotnetMassTransitApp.Patterns.Saga.Consumer\DotnetMassTransitApp.Patterns.Saga.Consumer.csproj", "{C4D786DB-D824-432B-85AE-33C2F5C471BD}"
EndProject
Global
	GlobalSection(SolutionConfigurationPlatforms) = preSolution
		Debug|Any CPU = Debug|Any CPU
		Release|Any CPU = Release|Any CPU
	EndGlobalSection
	GlobalSection(ProjectConfigurationPlatforms) = postSolution
		{A2A4AA2F-89B4-48BE-A7FD-C330BAD24650}.Debug|Any CPU.ActiveCfg = Debug|Any CPU
		{A2A4AA2F-89B4-48BE-A7FD-C330BAD24650}.Debug|Any CPU.Build.0 = Debug|Any CPU
		{A2A4AA2F-89B4-48BE-A7FD-C330BAD24650}.Release|Any CPU.ActiveCfg = Release|Any CPU
		{A2A4AA2F-89B4-48BE-A7FD-C330BAD24650}.Release|Any CPU.Build.0 = Release|Any CPU
		{EAA0004B-833D-437E-8AD6-253724B183A4}.Debug|Any CPU.ActiveCfg = Debug|Any CPU
		{EAA0004B-833D-437E-8AD6-253724B183A4}.Debug|Any CPU.Build.0 = Debug|Any CPU
		{EAA0004B-833D-437E-8AD6-253724B183A4}.Release|Any CPU.ActiveCfg = Release|Any CPU
		{EAA0004B-833D-437E-8AD6-253724B183A4}.Release|Any CPU.Build.0 = Release|Any CPU
		{E15B9CC6-C5DB-45BF-8A70-10D1823D530A}.Debug|Any CPU.ActiveCfg = Debug|Any CPU
		{E15B9CC6-C5DB-45BF-8A70-10D1823D530A}.Debug|Any CPU.Build.0 = Debug|Any CPU
		{E15B9CC6-C5DB-45BF-8A70-10D1823D530A}.Release|Any CPU.ActiveCfg = Release|Any CPU
		{E15B9CC6-C5DB-45BF-8A70-10D1823D530A}.Release|Any CPU.Build.0 = Release|Any CPU
		{B979CCBC-9513-458B-9B8A-92032779AA97}.Debug|Any CPU.ActiveCfg = Debug|Any CPU
		{B979CCBC-9513-458B-9B8A-92032779AA97}.Debug|Any CPU.Build.0 = Debug|Any CPU
		{B979CCBC-9513-458B-9B8A-92032779AA97}.Release|Any CPU.ActiveCfg = Release|Any CPU
		{B979CCBC-9513-458B-9B8A-92032779AA97}.Release|Any CPU.Build.0 = Release|Any CPU
		{EAC9C6AC-0F4A-482C-BF4B-A7EA98EDE145}.Debug|Any CPU.ActiveCfg = Debug|Any CPU
		{EAC9C6AC-0F4A-482C-BF4B-A7EA98EDE145}.Debug|Any CPU.Build.0 = Debug|Any CPU
		{EAC9C6AC-0F4A-482C-BF4B-A7EA98EDE145}.Release|Any CPU.ActiveCfg = Release|Any CPU
		{EAC9C6AC-0F4A-482C-BF4B-A7EA98EDE145}.Release|Any CPU.Build.0 = Release|Any CPU
		{AB567FBA-294C-4BD0-9DD5-5ADD61DDC326}.Debug|Any CPU.ActiveCfg = Debug|Any CPU
		{AB567FBA-294C-4BD0-9DD5-5ADD61DDC326}.Debug|Any CPU.Build.0 = Debug|Any CPU
		{AB567FBA-294C-4BD0-9DD5-5ADD61DDC326}.Release|Any CPU.ActiveCfg = Release|Any CPU
		{AB567FBA-294C-4BD0-9DD5-5ADD61DDC326}.Release|Any CPU.Build.0 = Release|Any CPU
		{BB7D587E-FBCC-40E2-9A60-9EFEDF214451}.Debug|Any CPU.ActiveCfg = Debug|Any CPU
		{BB7D587E-FBCC-40E2-9A60-9EFEDF214451}.Debug|Any CPU.Build.0 = Debug|Any CPU
		{BB7D587E-FBCC-40E2-9A60-9EFEDF214451}.Release|Any CPU.ActiveCfg = Release|Any CPU
		{BB7D587E-FBCC-40E2-9A60-9EFEDF214451}.Release|Any CPU.Build.0 = Release|Any CPU
		{7688F82E-81B1-4687-A8F2-CD9E16B5B301}.Debug|Any CPU.ActiveCfg = Debug|Any CPU
		{7688F82E-81B1-4687-A8F2-CD9E16B5B301}.Debug|Any CPU.Build.0 = Debug|Any CPU
		{7688F82E-81B1-4687-A8F2-CD9E16B5B301}.Release|Any CPU.ActiveCfg = Release|Any CPU
		{7688F82E-81B1-4687-A8F2-CD9E16B5B301}.Release|Any CPU.Build.0 = Release|Any CPU
		{8A715FE8-32AB-49F5-894D-C0E851FA7851}.Debug|Any CPU.ActiveCfg = Debug|Any CPU
		{8A715FE8-32AB-49F5-894D-C0E851FA7851}.Debug|Any CPU.Build.0 = Debug|Any CPU
		{8A715FE8-32AB-49F5-894D-C0E851FA7851}.Release|Any CPU.ActiveCfg = Release|Any CPU
		{8A715FE8-32AB-49F5-894D-C0E851FA7851}.Release|Any CPU.Build.0 = Release|Any CPU
		{39063B91-D34E-4A54-8D41-42E0576A1D63}.Debug|Any CPU.ActiveCfg = Debug|Any CPU
		{39063B91-D34E-4A54-8D41-42E0576A1D63}.Debug|Any CPU.Build.0 = Debug|Any CPU
		{39063B91-D34E-4A54-8D41-42E0576A1D63}.Release|Any CPU.ActiveCfg = Release|Any CPU
		{39063B91-D34E-4A54-8D41-42E0576A1D63}.Release|Any CPU.Build.0 = Release|Any CPU
		{DFC2BD78-5195-4B24-83D5-00F29D841B2B}.Debug|Any CPU.ActiveCfg = Debug|Any CPU
		{DFC2BD78-5195-4B24-83D5-00F29D841B2B}.Debug|Any CPU.Build.0 = Debug|Any CPU
		{DFC2BD78-5195-4B24-83D5-00F29D841B2B}.Release|Any CPU.ActiveCfg = Release|Any CPU
		{DFC2BD78-5195-4B24-83D5-00F29D841B2B}.Release|Any CPU.Build.0 = Release|Any CPU
		{1B331C01-1722-4C37-8A94-4684A83DF04E}.Debug|Any CPU.ActiveCfg = Debug|Any CPU
		{1B331C01-1722-4C37-8A94-4684A83DF04E}.Debug|Any CPU.Build.0 = Debug|Any CPU
		{1B331C01-1722-4C37-8A94-4684A83DF04E}.Release|Any CPU.ActiveCfg = Release|Any CPU
		{1B331C01-1722-4C37-8A94-4684A83DF04E}.Release|Any CPU.Build.0 = Release|Any CPU
		{D7D05A25-B96C-439C-A6BE-D38060110399}.Debug|Any CPU.ActiveCfg = Debug|Any CPU
		{D7D05A25-B96C-439C-A6BE-D38060110399}.Debug|Any CPU.Build.0 = Debug|Any CPU
		{D7D05A25-B96C-439C-A6BE-D38060110399}.Release|Any CPU.ActiveCfg = Release|Any CPU
		{D7D05A25-B96C-439C-A6BE-D38060110399}.Release|Any CPU.Build.0 = Release|Any CPU
		{9A2E3958-BF89-4700-8574-8932FE9D9558}.Debug|Any CPU.ActiveCfg = Debug|Any CPU
		{9A2E3958-BF89-4700-8574-8932FE9D9558}.Debug|Any CPU.Build.0 = Debug|Any CPU
		{9A2E3958-BF89-4700-8574-8932FE9D9558}.Release|Any CPU.ActiveCfg = Release|Any CPU
		{9A2E3958-BF89-4700-8574-8932FE9D9558}.Release|Any CPU.Build.0 = Release|Any CPU
		{19928229-51F6-44F0-BDCD-FE753473F855}.Debug|Any CPU.ActiveCfg = Debug|Any CPU
		{19928229-51F6-44F0-BDCD-FE753473F855}.Debug|Any CPU.Build.0 = Debug|Any CPU
		{19928229-51F6-44F0-BDCD-FE753473F855}.Release|Any CPU.ActiveCfg = Release|Any CPU
		{19928229-51F6-44F0-BDCD-FE753473F855}.Release|Any CPU.Build.0 = Release|Any CPU
		{75650061-06A9-4687-803A-F819A7F8C9ED}.Debug|Any CPU.ActiveCfg = Debug|Any CPU
		{75650061-06A9-4687-803A-F819A7F8C9ED}.Debug|Any CPU.Build.0 = Debug|Any CPU
		{75650061-06A9-4687-803A-F819A7F8C9ED}.Release|Any CPU.ActiveCfg = Release|Any CPU
		{75650061-06A9-4687-803A-F819A7F8C9ED}.Release|Any CPU.Build.0 = Release|Any CPU
		{3036FEB3-20FA-4C3F-816B-845BD04D4E8D}.Debug|Any CPU.ActiveCfg = Debug|Any CPU
		{3036FEB3-20FA-4C3F-816B-845BD04D4E8D}.Debug|Any CPU.Build.0 = Debug|Any CPU
		{3036FEB3-20FA-4C3F-816B-845BD04D4E8D}.Release|Any CPU.ActiveCfg = Release|Any CPU
		{3036FEB3-20FA-4C3F-816B-845BD04D4E8D}.Release|Any CPU.Build.0 = Release|Any CPU
		{482532EC-CE53-4804-AD2C-48F7D106887C}.Debug|Any CPU.ActiveCfg = Debug|Any CPU
		{482532EC-CE53-4804-AD2C-48F7D106887C}.Debug|Any CPU.Build.0 = Debug|Any CPU
		{482532EC-CE53-4804-AD2C-48F7D106887C}.Release|Any CPU.ActiveCfg = Release|Any CPU
		{482532EC-CE53-4804-AD2C-48F7D106887C}.Release|Any CPU.Build.0 = Release|Any CPU
		{807B8A3C-92DE-4D5F-8CD1-4B9718858F7B}.Debug|Any CPU.ActiveCfg = Debug|Any CPU
		{807B8A3C-92DE-4D5F-8CD1-4B9718858F7B}.Debug|Any CPU.Build.0 = Debug|Any CPU
		{807B8A3C-92DE-4D5F-8CD1-4B9718858F7B}.Release|Any CPU.ActiveCfg = Release|Any CPU
		{807B8A3C-92DE-4D5F-8CD1-4B9718858F7B}.Release|Any CPU.Build.0 = Release|Any CPU
		{C4D786DB-D824-432B-85AE-33C2F5C471BD}.Debug|Any CPU.ActiveCfg = Debug|Any CPU
		{C4D786DB-D824-432B-85AE-33C2F5C471BD}.Debug|Any CPU.Build.0 = Debug|Any CPU
		{C4D786DB-D824-432B-85AE-33C2F5C471BD}.Release|Any CPU.ActiveCfg = Release|Any CPU
		{C4D786DB-D824-432B-85AE-33C2F5C471BD}.Release|Any CPU.Build.0 = Release|Any CPU
	EndGlobalSection
	GlobalSection(SolutionProperties) = preSolution
		HideSolutionNode = FALSE
	EndGlobalSection
	GlobalSection(ExtensibilityGlobals) = postSolution
		SolutionGuid = {38E4B85C-FFFB-4463-8345-2466E8E12ED7}
	EndGlobalSection
EndGlobal
