
Microsoft Visual Studio Solution File, Format Version 12.00
# Visual Studio Version 17
VisualStudioVersion = 17.8.34316.72
MinimumVisualStudioVersion = 10.0.40219.1
Project("{9A19103F-16F7-4668-BE54-9A1E7A4F7556}") = "DotnetMassTransitApp", "DotnetMassTransitApp\DotnetMassTransitApp.csproj", "{A2A4AA2F-89B4-48BE-A7FD-C330BAD24650}"
EndProject
Project("{9A19103F-16F7-4668-BE54-9A1E7A4F7556}") = "DotnetMassTransitApp.Consumer", "DotnetMassTransitApp.Consumer\DotnetMassTransitApp.Consumer.csproj", "{EAA0004B-833D-437E-8AD6-253724B183A4}"
EndProject
Project("{9A19103F-16F7-4668-BE54-9A1E7A4F7556}") = "DotnetMassTransitApp.Producer", "DotnetMassTransitApp.Producer\DotnetMassTransitApp.Producer.csproj", "{E15B9CC6-C5DB-45BF-8A70-10D1823D530A}"
EndProject
Project("{9A19103F-16F7-4668-BE54-9A1E7A4F7556}") = "Shared", "Shared\Shared.csproj", "{B979CCBC-9513-458B-9B8A-92032779AA97}"
EndProject
Project("{FAE04EC0-301F-11D3-BF4B-00C04F79EFBC}") = "DotnetMassTransitApp.Exception", "DotnetMassTransitApp.Exception\DotnetMassTransitApp.Exception.csproj", "{EAC9C6AC-0F4A-482C-BF4B-A7EA98EDE145}"
EndProject
Global
	GlobalSection(SolutionConfigurationPlatforms) = preSolution
		Debug|Any CPU = Debug|Any CPU
		Release|Any CPU = Release|Any CPU
	EndGlobalSection
	GlobalSection(ProjectConfigurationPlatforms) = postSolution
		{A2A4AA2F-89B4-48BE-A7FD-C330BAD24650}.Debug|Any CPU.ActiveCfg = Debug|Any CPU
		{A2A4AA2F-89B4-48BE-A7FD-C330BAD24650}.Debug|Any CPU.Build.0 = Debug|Any CPU
		{A2A4AA2F-89B4-48BE-A7FD-C330BAD24650}.Release|Any CPU.ActiveCfg = Release|Any CPU
		{A2A4AA2F-89B4-48BE-A7FD-C330BAD24650}.Release|Any CPU.Build.0 = Release|Any CPU
		{EAA0004B-833D-437E-8AD6-253724B183A4}.Debug|Any CPU.ActiveCfg = Debug|Any CPU
		{EAA0004B-833D-437E-8AD6-253724B183A4}.Debug|Any CPU.Build.0 = Debug|Any CPU
		{EAA0004B-833D-437E-8AD6-253724B183A4}.Release|Any CPU.ActiveCfg = Release|Any CPU
		{EAA0004B-833D-437E-8AD6-253724B183A4}.Release|Any CPU.Build.0 = Release|Any CPU
		{E15B9CC6-C5DB-45BF-8A70-10D1823D530A}.Debug|Any CPU.ActiveCfg = Debug|Any CPU
		{E15B9CC6-C5DB-45BF-8A70-10D1823D530A}.Debug|Any CPU.Build.0 = Debug|Any CPU
		{E15B9CC6-C5DB-45BF-8A70-10D1823D530A}.Release|Any CPU.ActiveCfg = Release|Any CPU
		{E15B9CC6-C5DB-45BF-8A70-10D1823D530A}.Release|Any CPU.Build.0 = Release|Any CPU
		{B979CCBC-9513-458B-9B8A-92032779AA97}.Debug|Any CPU.ActiveCfg = Debug|Any CPU
		{B979CCBC-9513-458B-9B8A-92032779AA97}.Debug|Any CPU.Build.0 = Debug|Any CPU
		{B979CCBC-9513-458B-9B8A-92032779AA97}.Release|Any CPU.ActiveCfg = Release|Any CPU
		{B979CCBC-9513-458B-9B8A-92032779AA97}.Release|Any CPU.Build.0 = Release|Any CPU
		{EAC9C6AC-0F4A-482C-BF4B-A7EA98EDE145}.Debug|Any CPU.ActiveCfg = Debug|Any CPU
		{EAC9C6AC-0F4A-482C-BF4B-A7EA98EDE145}.Debug|Any CPU.Build.0 = Debug|Any CPU
		{EAC9C6AC-0F4A-482C-BF4B-A7EA98EDE145}.Release|Any CPU.ActiveCfg = Release|Any CPU
		{EAC9C6AC-0F4A-482C-BF4B-A7EA98EDE145}.Release|Any CPU.Build.0 = Release|Any CPU
	EndGlobalSection
	GlobalSection(SolutionProperties) = preSolution
		HideSolutionNode = FALSE
	EndGlobalSection
	GlobalSection(ExtensibilityGlobals) = postSolution
		SolutionGuid = {38E4B85C-FFFB-4463-8345-2466E8E12ED7}
	EndGlobalSection
EndGlobal
